
Microsoft Visual Studio Solution File, Format Version 12.00
# Visual Studio Version 16
VisualStudioVersion = 16.0.30320.27
MinimumVisualStudioVersion = 10.0.40219.1
Project("{9A19103F-16F7-4668-BE54-9A1E7A4F7556}") = "Final", "Final.csproj", "{1A2E7362-800A-4C82-A6BD-B4033EACC6CB}"
EndProject
Global
	GlobalSection(SolutionConfigurationPlatforms) = preSolution
		Debug|Any CPU = Debug|Any CPU
		Release|Any CPU = Release|Any CPU
	EndGlobalSection
	GlobalSection(ProjectConfigurationPlatforms) = postSolution
		{1A2E7362-800A-4C82-A6BD-B4033EACC6CB}.Debug|Any CPU.ActiveCfg = Debug|Any CPU
		{1A2E7362-800A-4C82-A6BD-B4033EACC6CB}.Debug|Any CPU.Build.0 = Debug|Any CPU
		{1A2E7362-800A-4C82-A6BD-B4033EACC6CB}.Release|Any CPU.ActiveCfg = Release|Any CPU
		{1A2E7362-800A-4C82-A6BD-B4033EACC6CB}.Release|Any CPU.Build.0 = Release|Any CPU
	EndGlobalSection
	GlobalSection(SolutionProperties) = preSolution
		HideSolutionNode = FALSE
	EndGlobalSection
	GlobalSection(ExtensibilityGlobals) = postSolution
		SolutionGuid = {D2BFCF2A-D6CA-4981-AFE7-79F8D9EE0955}
	EndGlobalSection
EndGlobal
